
Microsoft Visual Studio Solution File, Format Version 12.00
# Visual Studio 15
VisualStudioVersion = 15.0.26127.3
MinimumVisualStudioVersion = 10.0.40219.1
Project("{2150E333-8FDC-42A3-9474-1A3956D46DE8}") = "src", "src", "{4D7EA0BF-3D33-40E6-91A5-8D093AC46564}"
EndProject
Project("{2150E333-8FDC-42A3-9474-1A3956D46DE8}") = "Solution Items", "Solution Items", "{DA8B3A8F-07DD-455B-B623-096A789C979E}"
	ProjectSection(SolutionItems) = preProject
		global.json = global.json
	EndProjectSection
EndProject
Project("{9A19103F-16F7-4668-BE54-9A1E7A4F7556}") = "PhotoMarathon", "src\PhotoMarathon\PhotoMarathon.csproj", "{8CF747AB-69AE-48D8-88C8-2BE9AD77A9E7}"
EndProject
Project("{9A19103F-16F7-4668-BE54-9A1E7A4F7556}") = "PhotoMarathon.Data", "src\PhotoMarathon.Data\PhotoMarathon.Data.csproj", "{CFE4F63A-570C-473E-92E7-59E452E83ABD}"
EndProject
Project("{9A19103F-16F7-4668-BE54-9A1E7A4F7556}") = "PhotoMarathon.Service", "src\PhotoMarathon.Service\PhotoMarathon.Service.csproj", "{03BFE44F-9AAC-4400-9A02-7AECCC3497CA}"
EndProject
Global
	GlobalSection(SolutionConfigurationPlatforms) = preSolution
		Debug|Any CPU = Debug|Any CPU
		Release|Any CPU = Release|Any CPU
	EndGlobalSection
	GlobalSection(ProjectConfigurationPlatforms) = postSolution
		{8CF747AB-69AE-48D8-88C8-2BE9AD77A9E7}.Debug|Any CPU.ActiveCfg = Debug|Any CPU
		{8CF747AB-69AE-48D8-88C8-2BE9AD77A9E7}.Debug|Any CPU.Build.0 = Debug|Any CPU
		{8CF747AB-69AE-48D8-88C8-2BE9AD77A9E7}.Release|Any CPU.ActiveCfg = Release|Any CPU
		{8CF747AB-69AE-48D8-88C8-2BE9AD77A9E7}.Release|Any CPU.Build.0 = Release|Any CPU
		{CFE4F63A-570C-473E-92E7-59E452E83ABD}.Debug|Any CPU.ActiveCfg = Debug|Any CPU
		{CFE4F63A-570C-473E-92E7-59E452E83ABD}.Debug|Any CPU.Build.0 = Debug|Any CPU
		{CFE4F63A-570C-473E-92E7-59E452E83ABD}.Release|Any CPU.ActiveCfg = Release|Any CPU
		{CFE4F63A-570C-473E-92E7-59E452E83ABD}.Release|Any CPU.Build.0 = Release|Any CPU
		{03BFE44F-9AAC-4400-9A02-7AECCC3497CA}.Debug|Any CPU.ActiveCfg = Debug|Any CPU
		{03BFE44F-9AAC-4400-9A02-7AECCC3497CA}.Debug|Any CPU.Build.0 = Debug|Any CPU
		{03BFE44F-9AAC-4400-9A02-7AECCC3497CA}.Release|Any CPU.ActiveCfg = Release|Any CPU
		{03BFE44F-9AAC-4400-9A02-7AECCC3497CA}.Release|Any CPU.Build.0 = Release|Any CPU
	EndGlobalSection
	GlobalSection(SolutionProperties) = preSolution
		HideSolutionNode = FALSE
	EndGlobalSection
	GlobalSection(NestedProjects) = preSolution
		{8CF747AB-69AE-48D8-88C8-2BE9AD77A9E7} = {4D7EA0BF-3D33-40E6-91A5-8D093AC46564}
		{CFE4F63A-570C-473E-92E7-59E452E83ABD} = {4D7EA0BF-3D33-40E6-91A5-8D093AC46564}
		{03BFE44F-9AAC-4400-9A02-7AECCC3497CA} = {4D7EA0BF-3D33-40E6-91A5-8D093AC46564}
	EndGlobalSection
EndGlobal
